<?xml version="1.0" encoding="utf-8"?>
<Project ToolsVersion="4.0" xmlns="http://schemas.microsoft.com/developer/msbuild/2003">
  <ItemGroup>
    <Filter Include="Source Files">
      <UniqueIdentifier>{8a8d7648-831f-4ee8-b39c-ffa655d3e4b7}</UniqueIdentifier>
      <Extensions>cpp;c;cxx;rc;def;r;odl;idl;hpj;bat</Extensions>
    </Filter>
    <Filter Include="Header Files">
      <UniqueIdentifier>{aa9b06db-bb5e-41d6-963f-dabbf8f074c6}</UniqueIdentifier>
      <Extensions>h;hpp;hxx;hm;inl</Extensions>
    </Filter>
    <Filter Include="Resource Files">
      <UniqueIdentifier>{cbe40d5f-d70f-46c3-955c-ba85923dc3f0}</UniqueIdentifier>
      <Extensions>ico;cur;bmp;dlg;rc2;rct;bin;rgs;gif;jpg;jpeg;jpe</Extensions>
    </Filter>
  </ItemGroup>
  <ItemGroup>
    <ClCompile Include="DemoAdaptor.cpp">
      <Filter>Source Files</Filter>
    </ClCompile>
    <ClCompile Include="DemoDeviceFormat.cpp">
      <Filter>Source Files</Filter>
    </ClCompile>
    <ClCompile Include="DemoPropListener.cpp">
      <Filter>Source Files</Filter>
    </ClCompile>
    <ClCompile Include="DemoSourceListener.cpp">
      <Filter>Source Files</Filter>
    </ClCompile>
    <ClCompile Include="DemoTimestampGetFcn.cpp">
      <Filter>Source Files</Filter>
    </ClCompile>
    <ClCompile Include="mwdemoimaq.cpp">
      <Filter>Source Files</Filter>
    </ClCompile>
  </ItemGroup>
  <ItemGroup>
    <ClInclude Include="DemoAdaptor.h">
      <Filter>Header Files</Filter>
    </ClInclude>
    <ClInclude Include="DemoDeviceFormat.h">
      <Filter>Header Files</Filter>
    </ClInclude>
    <ClInclude Include="DemoPropListener.h">
      <Filter>Header Files</Filter>
    </ClInclude>
    <ClInclude Include="DemoSourceListener.h">
      <Filter>Header Files</Filter>
    </ClInclude>
    <ClInclude Include="DemoTimestampGetFcn.h">
      <Filter>Header Files</Filter>
    </ClInclude>
    <ClInclude Include="mwdemoimaq.h">
      <Filter>Header Files</Filter>
    </ClInclude>
  </ItemGroup>
</Project>